
Microsoft Visual Studio Solution File, Format Version 12.00
# Visual Studio 2012
Project("{FAE04EC0-301F-11D3-BF4B-00C04F79EFBC}") = "Client", "Client\Client.csproj", "{92EAA1F7-C24D-44C9-A0BE-53E6D15870DF}"
EndProject
Project("{FAE04EC0-301F-11D3-BF4B-00C04F79EFBC}") = "Console", "Console\Console.csproj", "{DD2CB02D-1AA8-4EEC-BE8A-4650B777BBB4}"
EndProject
Global
	GlobalSection(SolutionConfigurationPlatforms) = preSolution
		Debug|Any CPU = Debug|Any CPU
		Release|Any CPU = Release|Any CPU
	EndGlobalSection
	GlobalSection(ProjectConfigurationPlatforms) = postSolution
		{92EAA1F7-C24D-44C9-A0BE-53E6D15870DF}.Debug|Any CPU.ActiveCfg = Debug|Any CPU
		{92EAA1F7-C24D-44C9-A0BE-53E6D15870DF}.Debug|Any CPU.Build.0 = Debug|Any CPU
		{92EAA1F7-C24D-44C9-A0BE-53E6D15870DF}.Release|Any CPU.ActiveCfg = Release|Any CPU
		{92EAA1F7-C24D-44C9-A0BE-53E6D15870DF}.Release|Any CPU.Build.0 = Release|Any CPU
		{DD2CB02D-1AA8-4EEC-BE8A-4650B777BBB4}.Debug|Any CPU.ActiveCfg = Debug|Any CPU
		{DD2CB02D-1AA8-4EEC-BE8A-4650B777BBB4}.Debug|Any CPU.Build.0 = Debug|Any CPU
		{DD2CB02D-1AA8-4EEC-BE8A-4650B777BBB4}.Release|Any CPU.ActiveCfg = Release|Any CPU
		{DD2CB02D-1AA8-4EEC-BE8A-4650B777BBB4}.Release|Any CPU.Build.0 = Release|Any CPU
	EndGlobalSection
	GlobalSection(SolutionProperties) = preSolution
		HideSolutionNode = FALSE
	EndGlobalSection
EndGlobal
